// !$*UTF8*$!
{
	archiveVersion = 1;
	classes = {
	};
	objectVersion = 46;
	objects = {

/* Begin PBXBuildFile section */
		DDF3327F1E30D98600A24003 /* AppDelegate.swift in Sources */ = {isa = PBXBuildFile; fileRef = DDF3327E1E30D98600A24003 /* AppDelegate.swift */; };
		DDF332811E30D98600A24003 /* ViewController.swift in Sources */ = {isa = PBXBuildFile; fileRef = DDF332801E30D98600A24003 /* ViewController.swift */; };
		DDF332841E30D98600A24003 /* Main.storyboard in Resources */ = {isa = PBXBuildFile; fileRef = DDF332821E30D98600A24003 /* Main.storyboard */; };
		DDF332861E30D98600A24003 /* Assets.xcassets in Resources */ = {isa = PBXBuildFile; fileRef = DDF332851E30D98600A24003 /* Assets.xcassets */; };
		DDF332891E30D98600A24003 /* LaunchScreen.storyboard in Resources */ = {isa = PBXBuildFile; fileRef = DDF332871E30D98600A24003 /* LaunchScreen.storyboard */; };
/* End PBXBuildFile section */

/* Begin PBXFileReference section */
		DDF3327B1E30D98600A24003 /* HelloContacts.app */ = {isa = PBXFileReference; explicitFileType = wrapper.application; includeInIndex = 0; path = HelloContacts.app; sourceTree = BUILT_PRODUCTS_DIR; };
		DDF3327E1E30D98600A24003 /* AppDelegate.swift */ = {isa = PBXFileReference; lastKnownFileType = sourcecode.swift; path = AppDelegate.swift; sourceTree = "<group>"; };
		DDF332801E30D98600A24003 /* ViewController.swift */ = {isa = PBXFileReference; lastKnownFileType = sourcecode.swift; path = ViewController.swift; sourceTree = "<group>"; };
		DDF332831E30D98600A24003 /* Base */ = {isa = PBXFileReference; lastKnownFileType = file.storyboard; name = Base; path = Base.lproj/Main.storyboard; sourceTree = "<group>"; };
		DDF332851E30D98600A24003 /* Assets.xcassets */ = {isa = PBXFileReference; lastKnownFileType = folder.assetcatalog; path = Assets.xcassets; sourceTree = "<group>"; };
		DDF332881E30D98600A24003 /* Base */ = {isa = PBXFileReference; lastKnownFileType = file.storyboard; name = Base; path = Base.lproj/LaunchScreen.storyboard; sourceTree = "<group>"; };
		DDF3328A1E30D98600A24003 /* Info.plist */ = {isa = PBXFileReference; lastKnownFileType = text.plist.xml; path = Info.plist; sourceTree = "<group>"; };
/* End PBXFileReference section */

/* Begin PBXFrameworksBuildPhase section */
		DDF332781E30D98600A24003 /* Frameworks */ = {
			isa = PBXFrameworksBuildPhase;
			buildActionMask = 2147483647;
			files = (
			);
			runOnlyForDeploymentPostprocessing = 0;
		};
/* End PBXFrameworksBuildPhase section */

/* Begin PBXGroup section */
		DDF332721E30D98600A24003 = {
			isa = PBXGroup;
			children = (
				DDF3327D1E30D98600A24003 /* HelloContacts */,
				DDF3327C1E30D98600A24003 /* Products */,
			);
			sourceTree = "<group>";
		};
		DDF3327C1E30D98600A24003 /* Products */ = {
			isa = PBXGroup;
			children = (
				DDF3327B1E30D98600A24003 /* HelloContacts.app */,
			);
			name = Products;
			sourceTree = "<group>";
		};
		DDF3327D1E30D98600A24003 /* HelloContacts */ = {
			isa = PBXGroup;
			children = (
				DDF3327E1E30D98600A24003 /* AppDelegate.swift */,
				DDF332801E30D98600A24003 /* ViewController.swift */,
				DDF332821E30D98600A24003 /* Main.storyboard */,
				DDF332851E30D98600A24003 /* Assets.xcassets */,
				DDF332871E30D98600A24003 /* LaunchScreen.storyboard */,
				DDF3328A1E30D98600A24003 /* Info.plist */,
			);
			path = HelloContacts;
			sourceTree = "<group>";
		};
/* End PBXGroup section */

/* Begin PBXNativeTarget section */
		DDF3327A1E30D98600A24003 /* HelloContacts */ = {
			isa = PBXNativeTarget;
			buildConfigurationList = DDF3328D1E30D98600A24003 /* Build configuration list for PBXNativeTarget "HelloContacts" */;
			buildPhases = (
				DDF332771E30D98600A24003 /* Sources */,
				DDF332781E30D98600A24003 /* Frameworks */,
				DDF332791E30D98600A24003 /* Resources */,
			);
			buildRules = (
			);
			dependencies = (
			);
			name = HelloContacts;
			productName = HelloContacts;
			productReference = DDF3327B1E30D98600A24003 /* HelloContacts.app */;
			productType = "com.apple.product-type.application";
		};
/* End PBXNativeTarget section */

/* Begin PBXProject section */
		DDF332731E30D98600A24003 /* Project object */ = {
			isa = PBXProject;
			attributes = {
				LastSwiftUpdateCheck = 0810;
				LastUpgradeCheck = 0810;
				ORGANIZATIONNAME = Apro;
				TargetAttributes = {
					DDF3327A1E30D98600A24003 = {
						CreatedOnToolsVersion = 8.1;
						ProvisioningStyle = Automatic;
					};
				};
			};
			buildConfigurationList = DDF332761E30D98600A24003 /* Build configuration list for PBXProject "HelloContacts" */;
			compatibilityVersion = "Xcode 3.2";
			developmentRegion = English;
			hasScannedForEncodings = 0;
			knownRegions = (
				en,
				Base,
			);
			mainGroup = DDF332721E30D98600A24003;
			productRefGroup = DDF3327C1E30D98600A24003 /* Products */;
			projectDirPath = "";
			projectRoot = "";
			targets = (
				DDF3327A1E30D98600A24003 /* HelloContacts */,
			);
		};
/* End PBXProject section */

/* Begin PBXResourcesBuildPhase section */
		DDF332791E30D98600A24003 /* Resources */ = {
			isa = PBXResourcesBuildPhase;
			buildActionMask = 2147483647;
			files = (
				DDF332891E30D98600A24003 /* LaunchScreen.storyboard in Resources */,
				DDF332861E30D98600A24003 /* Assets.xcassets in Resources */,
				DDF332841E30D98600A24003 /* Main.storyboard in Resources */,
			);
			runOnlyForDeploymentPostprocessing = 0;
		};
/* End PBXResourcesBuildPhase section */

/* Begin PBXSourcesBuildPhase section */
		DDF332771E30D98600A24003 /* Sources */ = {
			isa = PBXSourcesBuildPhase;
			buildActionMask = 2147483647;
			files = (
				DDF332811E30D98600A24003 /* ViewController.swift in Sources */,
				DDF3327F1E30D98600A24003 /* AppDelegate.swift in Sources */,
			);
			runOnlyForDeploymentPostprocessing = 0;
		};
/* End PBXSourcesBuildPhase section */

/* Begin PBXVariantGroup section */
		DDF332821E30D98600A24003 /* Main.storyboard */ = {
			isa = PBXVariantGroup;
			children = (
				DDF332831E30D98600A24003 /* Base */,
			);
			name = Main.storyboard;
			sourceTree = "<group>";
		};
		DDF332871E30D98600A24003 /* LaunchScreen.storyboard */ = {
			isa = PBXVariantGroup;
			children = (
				DDF332881E30D98600A24003 /* Base */,
			);
			name = LaunchScreen.storyboard;
			sourceTree = "<group>";
		};
/* End PBXVariantGroup section */

/* Begin XCBuildConfiguration section */
		DDF3328B1E30D98600A24003 /* Debug */ = {
			isa = XCBuildConfiguration;
			buildSettings = {
				ALWAYS_SEARCH_USER_PATHS = NO;
				CLANG_ANALYZER_NONNULL = YES;
				CLANG_CXX_LANGUAGE_STANDARD = "gnu++0x";
				CLANG_CXX_LIBRARY = "libc++";
				CLANG_ENABLE_MODULES = YES;
				CLANG_ENABLE_OBJC_ARC = YES;
				CLANG_WARN_BOOL_CONVERSION = YES;
				CLANG_WARN_CONSTANT_CONVERSION = YES;
				CLANG_WARN_DIRECT_OBJC_ISA_USAGE = YES_ERROR;
				CLANG_WARN_DOCUMENTATION_COMMENTS = YES;
				CLANG_WARN_EMPTY_BODY = YES;
				CLANG_WARN_ENUM_CONVERSION = YES;
				CLANG_WARN_INFINITE_RECURSION = YES;
				CLANG_WARN_INT_CONVERSION = YES;
				CLANG_WARN_OBJC_ROOT_CLASS = YES_ERROR;
				CLANG_WARN_SUSPICIOUS_MOVES = YES;
				CLANG_WARN_UNREACHABLE_CODE = YES;
				CLANG_WARN__DUPLICATE_METHOD_MATCH = YES;
				"CODE_SIGN_IDENTITY[sdk=iphoneos*]" = "iPhone Developer";
				COPY_PHASE_STRIP = NO;
				DEBUG_INFORMATION_FORMAT = dwarf;
				ENABLE_STRICT_OBJC_MSGSEND = YES;
				ENABLE_TESTABILITY = YES;
				GCC_C_LANGUAGE_STANDARD = gnu99;
				GCC_DYNAMIC_NO_PIC = NO;
				GCC_NO_COMMON_BLOCKS = YES;
				GCC_OPTIMIZATION_LEVEL = 0;
				GCC_PREPROCESSOR_DEFINITIONS = (
					"DEBUG=1",
					"$(inherited)",
				);
				GCC_WARN_64_TO_32_BIT_CONVERSION = YES;
				GCC_WARN_ABOUT_RETURN_TYPE = YES_ERROR;
				GCC_WARN_UNDECLARED_SELECTOR = YES;
				GCC_WARN_UNINITIALIZED_AUTOS = YES_AGGRESSIVE;
				GCC_WARN_UNUSED_FUNCTION = YES;
				GCC_WARN_UNUSED_VARIABLE = YES;
				IPHONEOS_DEPLOYMENT_TARGET = 10.1;
				MTL_ENABLE_DEBUG_INFO = YES;
				ONLY_ACTIVE_ARCH = YES;
				SDKROOT = iphoneos;
				SWIFT_ACTIVE_COMPILATION_CONDITIONS = DEBUG;
				SWIFT_OPTIMIZATION_LEVEL = "-Onone";
			};
			name = Debug;
		};
		DDF3328C1E30D98600A24003 /* Release */ = {
			isa = XCBuildConfiguration;
			buildSettings = {
				ALWAYS_SEARCH_USER_PATHS = NO;
				CLANG_ANALYZER_NONNULL = YES;
				CLANG_CXX_LANGUAGE_STANDARD = "gnu++0x";
				CLANG_CXX_LIBRARY = "libc++";
				CLANG_ENABLE_MODULES = YES;
				CLANG_ENABLE_OBJC_ARC = YES;
				CLANG_WARN_BOOL_CONVERSION = YES;
				CLANG_WARN_CONSTANT_CONVERSION = YES;
				CLANG_WARN_DIRECT_OBJC_ISA_USAGE = YES_ERROR;
				CLANG_WARN_DOCUMENTATION_COMMENTS = YES;
				CLANG_WARN_EMPTY_BODY = YES;
				CLANG_WARN_ENUM_CONVERSION = YES;
				CLANG_WARN_INFINITE_RECURSION = YES;
				CLANG_WARN_INT_CONVERSION = YES;
				CLANG_WARN_OBJC_ROOT_CLASS = YES_ERROR;
				CLANG_WARN_SUSPICIOUS_MOVES = YES;
				CLANG_WARN_UNREACHABLE_CODE = YES;
				CLANG_WARN__DUPLICATE_METHOD_MATCH = YES;
				"CODE_SIGN_IDENTITY[sdk=iphoneos*]" = "iPhone Developer";
				COPY_PHASE_STRIP = NO;
				DEBUG_INFORMATION_FORMAT = "dwarf-with-dsym";
				ENABLE_NS_ASSERTIONS = NO;
				ENABLE_STRICT_OBJC_MSGSEND = YES;
				GCC_C_LANGUAGE_STANDARD = gnu99;
				GCC_NO_COMMON_BLOCKS = YES;
				GCC_WARN_64_TO_32_BIT_CONVERSION = YES;
				GCC_WARN_ABOUT_RETURN_TYPE = YES_ERROR;
				GCC_WARN_UNDECLARED_SELECTOR = YES;
				GCC_WARN_UNINITIALIZED_AUTOS = YES_AGGRESSIVE;
				GCC_WARN_UNUSED_FUNCTION = YES;
				GCC_WARN_UNUSED_VARIABLE = YES;
				IPHONEOS_DEPLOYMENT_TARGET = 10.1;
				MTL_ENABLE_DEBUG_INFO = NO;
				SDKROOT = iphoneos;
				SWIFT_OPTIMIZATION_LEVEL = "-Owholemodule";
				VALIDATE_PRODUCT = YES;
			};
			name = Release;
		};
		DDF3328E1E30D98600A24003 /* Debug */ = {
			isa = XCBuildConfiguration;
			buildSettings = {
				ASSETCATALOG_COMPILER_APPICON_NAME = AppIcon;
				INFOPLIST_FILE = HelloContacts/Info.plist;
				LD_RUNPATH_SEARCH_PATHS = "$(inherited) @executable_path/Frameworks";
				PRODUCT_BUNDLE_IDENTIFIER = com.github.aprofromindia.HelloContacts;
				PRODUCT_NAME = "$(TARGET_NAME)";
				SWIFT_VERSION = 3.0;
			};
			name = Debug;
		};
		DDF3328F1E30D98600A24003 /* Release */ = {
			isa = XCBuildConfiguration;
			buildSettings = {
				ASSETCATALOG_COMPILER_APPICON_NAME = AppIcon;
				INFOPLIST_FILE = HelloContacts/Info.plist;
				LD_RUNPATH_SEARCH_PATHS = "$(inherited) @executable_path/Frameworks";
				PRODUCT_BUNDLE_IDENTIFIER = com.github.aprofromindia.HelloContacts;
				PRODUCT_NAME = "$(TARGET_NAME)";
				SWIFT_VERSION = 3.0;
			};
			name = Release;
		};
/* End XCBuildConfiguration section */

/* Begin XCConfigurationList section */
		DDF332761E30D98600A24003 /* Build configuration list for PBXProject "HelloContacts" */ = {
			isa = XCConfigurationList;
			buildConfigurations = (
				DDF3328B1E30D98600A24003 /* Debug */,
				DDF3328C1E30D98600A24003 /* Release */,
			);
			defaultConfigurationIsVisible = 0;
			defaultConfigurationName = Release;
		};
		DDF3328D1E30D98600A24003 /* Build configuration list for PBXNativeTarget "HelloContacts" */ = {
			isa = XCConfigurationList;
			buildConfigurations = (
				DDF3328E1E30D98600A24003 /* Debug */,
				DDF3328F1E30D98600A24003 /* Release */,
			);
			defaultConfigurationIsVisible = 0;
		};
/* End XCConfigurationList section */
	};
	rootObject = DDF332731E30D98600A24003 /* Project object */;
}
